{
  "name": "app.tresorbase.com",
  "lockfileVersion": 2,
  "requires": true,
  "packages": {
    "": {
      "name": "app.tresorbase.com",
      "dependencies": {
        "@escape.tech/mookme-repo": "file:../../../../software/mookme"
      },
      "devDependencies": {
        "typescript": "^4.7.3"
      }
    },
    "../../../../software/mookme": {
      "version": "0.0.1",
      "license": "MIT",
      "devDependencies": {
        "@commitlint/cli": "^17.0.0",
        "@commitlint/config-angular": "^17.0.0",
        "@escape.tech/mookme": "file:packages/mookme"
      }
    },
    "node_modules/@escape.tech/mookme-repo": {
      "resolved": "../../../../software/mookme",
      "link": true
    },
    "node_modules/typescript": {
      "version": "4.7.4",
      "resolved": "https://registry.npmjs.org/typescript/-/typescript-4.7.4.tgz",
      "integrity": "sha512-C0WQT0gezHuw6AdY1M2jxUO83Rjf0HP7Sk1DtXj6j1EwkQNZrHAg2XPWlq62oqEhYvONq5pkC2Y9oPljWToLmQ==",
      "dev": true,
      "bin": {
        "tsc": "bin/tsc",
        "tsserver": "bin/tsserver"
      },
      "engines": {
        "node": ">=4.2.0"
      }
    }
  },
  "dependencies": {
    "@escape.tech/mookme-repo": {
      "version": "file:../../../../software/mookme",
      "requires": {
        "@commitlint/cli": "^17.0.0",
        "@commitlint/config-angular": "^17.0.0",
        "@escape.tech/mookme": "file:packages/mookme"
      }
    },
    "typescript": {
      "version": "4.7.4",
      "resolved": "https://registry.npmjs.org/typescript/-/typescript-4.7.4.tgz",
      "integrity": "sha512-C0WQT0gezHuw6AdY1M2jxUO83Rjf0HP7Sk1DtXj6j1EwkQNZrHAg2XPWlq62oqEhYvONq5pkC2Y9oPljWToLmQ==",
      "dev": true
    }
  }
}
